
Microsoft Visual Studio Solution File, Format Version 12.00
# Visual Studio Version 17
VisualStudioVersion = 17.14.36327.8 d17.14
MinimumVisualStudioVersion = 10.0.40219.1
Project("{FAE04EC0-301F-11D3-BF4B-00C04F79EFBC}") = "P1_AP1_SAMILCRUZ", "P1_AP1_SAMILCRUZ\P1_AP1_SAMILCRUZ.csproj", "{F25AC55F-697E-4752-9007-13D3A67F129A}"
EndProject
Global
	GlobalSection(SolutionConfigurationPlatforms) = preSolution
		Debug|Any CPU = Debug|Any CPU
		Release|Any CPU = Release|Any CPU
	EndGlobalSection
	GlobalSection(ProjectConfigurationPlatforms) = postSolution
		{F25AC55F-697E-4752-9007-13D3A67F129A}.Debug|Any CPU.ActiveCfg = Debug|Any CPU
		{F25AC55F-697E-4752-9007-13D3A67F129A}.Debug|Any CPU.Build.0 = Debug|Any CPU
		{F25AC55F-697E-4752-9007-13D3A67F129A}.Release|Any CPU.ActiveCfg = Release|Any CPU
		{F25AC55F-697E-4752-9007-13D3A67F129A}.Release|Any CPU.Build.0 = Release|Any CPU
	EndGlobalSection
	GlobalSection(SolutionProperties) = preSolution
		HideSolutionNode = FALSE
	EndGlobalSection
	GlobalSection(ExtensibilityGlobals) = postSolution
		SolutionGuid = {923931DC-9160-471D-8D33-19BBDEDBBB9E}
	EndGlobalSection
EndGlobal
